
Microsoft Visual Studio Solution File, Format Version 12.00
# Visual Studio Version 16
VisualStudioVersion = 16.0.29609.76
MinimumVisualStudioVersion = 10.0.40219.1
Project("{FAE04EC0-301F-11D3-BF4B-00C04F79EFBC}") = "LocationApi", "LocationApi\LocationApi.csproj", "{9EB8B3D1-C53D-4587-A993-15CF914506FE}"
EndProject
Project("{FAE04EC0-301F-11D3-BF4B-00C04F79EFBC}") = "LocationApi.Test", "LocationApi.Test\LocationApi.Test.csproj", "{EC35C339-B935-4038-AC8E-254E82C51425}"
EndProject
Global
	GlobalSection(SolutionConfigurationPlatforms) = preSolution
		Debug|Any CPU = Debug|Any CPU
		Release|Any CPU = Release|Any CPU
	EndGlobalSection
	GlobalSection(ProjectConfigurationPlatforms) = postSolution
		{9EB8B3D1-C53D-4587-A993-15CF914506FE}.Debug|Any CPU.ActiveCfg = Debug|Any CPU
		{9EB8B3D1-C53D-4587-A993-15CF914506FE}.Debug|Any CPU.Build.0 = Debug|Any CPU
		{9EB8B3D1-C53D-4587-A993-15CF914506FE}.Release|Any CPU.ActiveCfg = Release|Any CPU
		{9EB8B3D1-C53D-4587-A993-15CF914506FE}.Release|Any CPU.Build.0 = Release|Any CPU
		{EC35C339-B935-4038-AC8E-254E82C51425}.Debug|Any CPU.ActiveCfg = Debug|Any CPU
		{EC35C339-B935-4038-AC8E-254E82C51425}.Debug|Any CPU.Build.0 = Debug|Any CPU
		{EC35C339-B935-4038-AC8E-254E82C51425}.Release|Any CPU.ActiveCfg = Release|Any CPU
		{EC35C339-B935-4038-AC8E-254E82C51425}.Release|Any CPU.Build.0 = Release|Any CPU
	EndGlobalSection
	GlobalSection(SolutionProperties) = preSolution
		HideSolutionNode = FALSE
	EndGlobalSection
	GlobalSection(ExtensibilityGlobals) = postSolution
		SolutionGuid = {2DFAA224-15FF-4D95-AB87-23F28DD4175E}
	EndGlobalSection
EndGlobal
